
Microsoft Visual Studio Solution File, Format Version 12.00
# Visual Studio Version 17
VisualStudioVersion = 17.1.32421.90
MinimumVisualStudioVersion = 10.0.40219.1
Project("{FAE04EC0-301F-11D3-BF4B-00C04F79EFBC}") = "Agenda_ICS", "Agenda_ICS\Agenda_ICS.csproj", "{B8280A9E-0056-462D-A0FB-BEAB8D18EC02}"
EndProject
Project("{FAE04EC0-301F-11D3-BF4B-00C04F79EFBC}") = "Console", "Console\Console.csproj", "{4150C846-58C8-41BD-AA69-3EE36B3B5991}"
EndProject
Project("{FAE04EC0-301F-11D3-BF4B-00C04F79EFBC}") = "DatasModel", "DatasModel\DatasModel.csproj", "{8A3DC83A-5604-4042-8982-69DE97D2FF8C}"
EndProject
Project("{FAE04EC0-301F-11D3-BF4B-00C04F79EFBC}") = "DatasBaseSQL", "DatasBaseSQL\DatasBaseSQL.csproj", "{F2A3916C-E234-46DF-A3FB-9E4CA76F136D}"
EndProject
Project("{FAE04EC0-301F-11D3-BF4B-00C04F79EFBC}") = "BddTest", "BddTest\BddTest.csproj", "{8496878F-EDD1-4084-B84C-60A3001F15C1}"
EndProject
Project("{FAE04EC0-301F-11D3-BF4B-00C04F79EFBC}") = "Wpf_test", "Wpf_test\Wpf_test.csproj", "{2B561A8D-23AE-43B8-8E73-FFC30F82719A}"
EndProject
Project("{FAE04EC0-301F-11D3-BF4B-00C04F79EFBC}") = "DatasBaseOnFile", "DatasBaseOnFile\DatasBaseOnFile.csproj", "{53E80C13-66D7-4111-BFD1-C49410F0830E}"
EndProject
Project("{FAE04EC0-301F-11D3-BF4B-00C04F79EFBC}") = "Outils", "Outils\Outils.csproj", "{800BA03B-2C92-4698-B603-03280B318457}"
EndProject
Global
	GlobalSection(SolutionConfigurationPlatforms) = preSolution
		Debug|Any CPU = Debug|Any CPU
		Release|Any CPU = Release|Any CPU
	EndGlobalSection
	GlobalSection(ProjectConfigurationPlatforms) = postSolution
		{B8280A9E-0056-462D-A0FB-BEAB8D18EC02}.Debug|Any CPU.ActiveCfg = Debug|Any CPU
		{B8280A9E-0056-462D-A0FB-BEAB8D18EC02}.Debug|Any CPU.Build.0 = Debug|Any CPU
		{B8280A9E-0056-462D-A0FB-BEAB8D18EC02}.Release|Any CPU.ActiveCfg = Release|Any CPU
		{B8280A9E-0056-462D-A0FB-BEAB8D18EC02}.Release|Any CPU.Build.0 = Release|Any CPU
		{4150C846-58C8-41BD-AA69-3EE36B3B5991}.Debug|Any CPU.ActiveCfg = Debug|Any CPU
		{4150C846-58C8-41BD-AA69-3EE36B3B5991}.Debug|Any CPU.Build.0 = Debug|Any CPU
		{4150C846-58C8-41BD-AA69-3EE36B3B5991}.Release|Any CPU.ActiveCfg = Release|Any CPU
		{4150C846-58C8-41BD-AA69-3EE36B3B5991}.Release|Any CPU.Build.0 = Release|Any CPU
		{8A3DC83A-5604-4042-8982-69DE97D2FF8C}.Debug|Any CPU.ActiveCfg = Debug|Any CPU
		{8A3DC83A-5604-4042-8982-69DE97D2FF8C}.Debug|Any CPU.Build.0 = Debug|Any CPU
		{8A3DC83A-5604-4042-8982-69DE97D2FF8C}.Release|Any CPU.ActiveCfg = Release|Any CPU
		{8A3DC83A-5604-4042-8982-69DE97D2FF8C}.Release|Any CPU.Build.0 = Release|Any CPU
		{F2A3916C-E234-46DF-A3FB-9E4CA76F136D}.Debug|Any CPU.ActiveCfg = Debug|Any CPU
		{F2A3916C-E234-46DF-A3FB-9E4CA76F136D}.Debug|Any CPU.Build.0 = Debug|Any CPU
		{F2A3916C-E234-46DF-A3FB-9E4CA76F136D}.Release|Any CPU.ActiveCfg = Release|Any CPU
		{F2A3916C-E234-46DF-A3FB-9E4CA76F136D}.Release|Any CPU.Build.0 = Release|Any CPU
		{8496878F-EDD1-4084-B84C-60A3001F15C1}.Debug|Any CPU.ActiveCfg = Debug|Any CPU
		{8496878F-EDD1-4084-B84C-60A3001F15C1}.Debug|Any CPU.Build.0 = Debug|Any CPU
		{8496878F-EDD1-4084-B84C-60A3001F15C1}.Release|Any CPU.ActiveCfg = Release|Any CPU
		{8496878F-EDD1-4084-B84C-60A3001F15C1}.Release|Any CPU.Build.0 = Release|Any CPU
		{2B561A8D-23AE-43B8-8E73-FFC30F82719A}.Debug|Any CPU.ActiveCfg = Debug|Any CPU
		{2B561A8D-23AE-43B8-8E73-FFC30F82719A}.Debug|Any CPU.Build.0 = Debug|Any CPU
		{2B561A8D-23AE-43B8-8E73-FFC30F82719A}.Release|Any CPU.ActiveCfg = Release|Any CPU
		{2B561A8D-23AE-43B8-8E73-FFC30F82719A}.Release|Any CPU.Build.0 = Release|Any CPU
		{53E80C13-66D7-4111-BFD1-C49410F0830E}.Debug|Any CPU.ActiveCfg = Debug|Any CPU
		{53E80C13-66D7-4111-BFD1-C49410F0830E}.Debug|Any CPU.Build.0 = Debug|Any CPU
		{53E80C13-66D7-4111-BFD1-C49410F0830E}.Release|Any CPU.ActiveCfg = Release|Any CPU
		{53E80C13-66D7-4111-BFD1-C49410F0830E}.Release|Any CPU.Build.0 = Release|Any CPU
		{800BA03B-2C92-4698-B603-03280B318457}.Debug|Any CPU.ActiveCfg = Debug|Any CPU
		{800BA03B-2C92-4698-B603-03280B318457}.Debug|Any CPU.Build.0 = Debug|Any CPU
		{800BA03B-2C92-4698-B603-03280B318457}.Release|Any CPU.ActiveCfg = Release|Any CPU
		{800BA03B-2C92-4698-B603-03280B318457}.Release|Any CPU.Build.0 = Release|Any CPU
	EndGlobalSection
	GlobalSection(SolutionProperties) = preSolution
		HideSolutionNode = FALSE
	EndGlobalSection
	GlobalSection(ExtensibilityGlobals) = postSolution
		SolutionGuid = {270C0775-2E38-4268-86F5-7257EB408110}
	EndGlobalSection
EndGlobal
